// !$*UTF8*$!
{
	archiveVersion = 1;
	classes = {
	};
	objectVersion = 51;
	objects = {

/* Begin PBXBuildFile section */
		B505648625BA1C04009A473D /* GoogleService-Info.plist in Resources */ = {isa = PBXBuildFile; fileRef = B505648525BA1C04009A473D /* GoogleService-Info.plist */; };
		B5088FCB25B9138200BA50B2 /* AppDelegate.swift in Sources */ = {isa = PBXBuildFile; fileRef = B5088FCA25B9138200BA50B2 /* AppDelegate.swift */; };
		B5088FCD25B9138200BA50B2 /* SceneDelegate.swift in Sources */ = {isa = PBXBuildFile; fileRef = B5088FCC25B9138200BA50B2 /* SceneDelegate.swift */; };
		B5088FCF25B9138200BA50B2 /* ConversationsViewController.swift in Sources */ = {isa = PBXBuildFile; fileRef = B5088FCE25B9138200BA50B2 /* ConversationsViewController.swift */; };
		B5088FD225B9138200BA50B2 /* Main.storyboard in Resources */ = {isa = PBXBuildFile; fileRef = B5088FD025B9138200BA50B2 /* Main.storyboard */; };
		B5088FD425B9138200BA50B2 /* Assets.xcassets in Resources */ = {isa = PBXBuildFile; fileRef = B5088FD325B9138200BA50B2 /* Assets.xcassets */; };
		B5088FD725B9138200BA50B2 /* LaunchScreen.storyboard in Resources */ = {isa = PBXBuildFile; fileRef = B5088FD525B9138200BA50B2 /* LaunchScreen.storyboard */; };
		B5088FF525B9156000BA50B2 /* NewConversationViewController.swift in Sources */ = {isa = PBXBuildFile; fileRef = B5088FF425B9156000BA50B2 /* NewConversationViewController.swift */; };
		B5088FFF25B91F4B00BA50B2 /* Extensions.swift in Sources */ = {isa = PBXBuildFile; fileRef = B5088FFE25B91F4B00BA50B2 /* Extensions.swift */; };
		B59DF4C125D33BD80077DF87 /* ChatViewController.swift in Sources */ = {isa = PBXBuildFile; fileRef = B59DF4C025D33BD80077DF87 /* ChatViewController.swift */; };
		BE68A54B28A3D6D512421ABE /* Pods_MessagingApp.framework in Frameworks */ = {isa = PBXBuildFile; fileRef = 392362F6730CB5A435D27E1E /* Pods_MessagingApp.framework */; };
/* End PBXBuildFile section */

/* Begin PBXFileReference section */
		392362F6730CB5A435D27E1E /* Pods_MessagingApp.framework */ = {isa = PBXFileReference; explicitFileType = wrapper.framework; includeInIndex = 0; path = Pods_MessagingApp.framework; sourceTree = BUILT_PRODUCTS_DIR; };
		62D134B1BAFC502DF009D63C /* Pods-MessagingApp.release.xcconfig */ = {isa = PBXFileReference; includeInIndex = 1; lastKnownFileType = text.xcconfig; name = "Pods-MessagingApp.release.xcconfig"; path = "Target Support Files/Pods-MessagingApp/Pods-MessagingApp.release.xcconfig"; sourceTree = "<group>"; };
		88461509DF2C106E68AD1E0A /* Pods-MessagingApp.debug.xcconfig */ = {isa = PBXFileReference; includeInIndex = 1; lastKnownFileType = text.xcconfig; name = "Pods-MessagingApp.debug.xcconfig"; path = "Target Support Files/Pods-MessagingApp/Pods-MessagingApp.debug.xcconfig"; sourceTree = "<group>"; };
		B505648525BA1C04009A473D /* GoogleService-Info.plist */ = {isa = PBXFileReference; fileEncoding = 4; lastKnownFileType = text.plist.xml; path = "GoogleService-Info.plist"; sourceTree = "<group>"; };
		B5088FC725B9138200BA50B2 /* MessagingApp.app */ = {isa = PBXFileReference; explicitFileType = wrapper.application; includeInIndex = 0; path = MessagingApp.app; sourceTree = BUILT_PRODUCTS_DIR; };
		B5088FCA25B9138200BA50B2 /* AppDelegate.swift */ = {isa = PBXFileReference; lastKnownFileType = sourcecode.swift; path = AppDelegate.swift; sourceTree = "<group>"; };
		B5088FCC25B9138200BA50B2 /* SceneDelegate.swift */ = {isa = PBXFileReference; lastKnownFileType = sourcecode.swift; path = SceneDelegate.swift; sourceTree = "<group>"; };
		B5088FCE25B9138200BA50B2 /* ConversationsViewController.swift */ = {isa = PBXFileReference; lastKnownFileType = sourcecode.swift; path = ConversationsViewController.swift; sourceTree = "<group>"; };
		B5088FD125B9138200BA50B2 /* Base */ = {isa = PBXFileReference; lastKnownFileType = file.storyboard; name = Base; path = Base.lproj/Main.storyboard; sourceTree = "<group>"; };
		B5088FD325B9138200BA50B2 /* Assets.xcassets */ = {isa = PBXFileReference; lastKnownFileType = folder.assetcatalog; path = Assets.xcassets; sourceTree = "<group>"; };
		B5088FD625B9138200BA50B2 /* Base */ = {isa = PBXFileReference; lastKnownFileType = file.storyboard; name = Base; path = Base.lproj/LaunchScreen.storyboard; sourceTree = "<group>"; };
		B5088FD825B9138200BA50B2 /* Info.plist */ = {isa = PBXFileReference; lastKnownFileType = text.plist.xml; path = Info.plist; sourceTree = "<group>"; };
		B5088FF425B9156000BA50B2 /* NewConversationViewController.swift */ = {isa = PBXFileReference; lastKnownFileType = sourcecode.swift; path = NewConversationViewController.swift; sourceTree = "<group>"; };
		B5088FFE25B91F4B00BA50B2 /* Extensions.swift */ = {isa = PBXFileReference; lastKnownFileType = sourcecode.swift; path = Extensions.swift; sourceTree = "<group>"; };
		B59DF4C025D33BD80077DF87 /* ChatViewController.swift */ = {isa = PBXFileReference; lastKnownFileType = sourcecode.swift; path = ChatViewController.swift; sourceTree = "<group>"; };
/* End PBXFileReference section */

/* Begin PBXFrameworksBuildPhase section */
		B5088FC425B9138200BA50B2 /* Frameworks */ = {
			isa = PBXFrameworksBuildPhase;
			buildActionMask = 2147483647;
			files = (
				BE68A54B28A3D6D512421ABE /* Pods_MessagingApp.framework in Frameworks */,
			);
			runOnlyForDeploymentPostprocessing = 0;
		};
/* End PBXFrameworksBuildPhase section */

/* Begin PBXGroup section */
		AD4697898AB87F59842F3CEC /* Pods */ = {
			isa = PBXGroup;
			children = (
				88461509DF2C106E68AD1E0A /* Pods-MessagingApp.debug.xcconfig */,
				62D134B1BAFC502DF009D63C /* Pods-MessagingApp.release.xcconfig */,
			);
			path = Pods;
			sourceTree = "<group>";
		};
		B5088FBE25B9138200BA50B2 = {
			isa = PBXGroup;
			children = (
				B5088FC925B9138200BA50B2 /* MessagingApp */,
				B5088FC825B9138200BA50B2 /* Products */,
				AD4697898AB87F59842F3CEC /* Pods */,
				CF7F56F7DA3F6AF55C36796A /* Frameworks */,
			);
			sourceTree = "<group>";
		};
		B5088FC825B9138200BA50B2 /* Products */ = {
			isa = PBXGroup;
			children = (
				B5088FC725B9138200BA50B2 /* MessagingApp.app */,
			);
			name = Products;
			sourceTree = "<group>";
		};
		B5088FC925B9138200BA50B2 /* MessagingApp */ = {
			isa = PBXGroup;
			children = (
				B505648525BA1C04009A473D /* GoogleService-Info.plist */,
				B5088FDF25B9138F00BA50B2 /* Resources */,
				B5088FE225B913A700BA50B2 /* Storyboards */,
				B5088FE325B913AE00BA50B2 /* ViewControllers */,
				B5088FD825B9138200BA50B2 /* Info.plist */,
			);
			path = MessagingApp;
			sourceTree = "<group>";
		};
		B5088FDF25B9138F00BA50B2 /* Resources */ = {
			isa = PBXGroup;
			children = (
				B5088FCA25B9138200BA50B2 /* AppDelegate.swift */,
				B5088FCC25B9138200BA50B2 /* SceneDelegate.swift */,
				B5088FFE25B91F4B00BA50B2 /* Extensions.swift */,
			);
			path = Resources;
			sourceTree = "<group>";
		};
		B5088FE225B913A700BA50B2 /* Storyboards */ = {
			isa = PBXGroup;
			children = (
				B5088FD525B9138200BA50B2 /* LaunchScreen.storyboard */,
				B5088FD025B9138200BA50B2 /* Main.storyboard */,
				B5088FD325B9138200BA50B2 /* Assets.xcassets */,
			);
			path = Storyboards;
			sourceTree = "<group>";
		};
		B5088FE325B913AE00BA50B2 /* ViewControllers */ = {
			isa = PBXGroup;
			children = (
				B5088FCE25B9138200BA50B2 /* ConversationsViewController.swift */,
				B5088FF425B9156000BA50B2 /* NewConversationViewController.swift */,
				B59DF4C025D33BD80077DF87 /* ChatViewController.swift */,
			);
			path = ViewControllers;
			sourceTree = "<group>";
		};
		CF7F56F7DA3F6AF55C36796A /* Frameworks */ = {
			isa = PBXGroup;
			children = (
				392362F6730CB5A435D27E1E /* Pods_MessagingApp.framework */,
			);
			name = Frameworks;
			sourceTree = "<group>";
		};
/* End PBXGroup section */

/* Begin PBXNativeTarget section */
		B5088FC625B9138200BA50B2 /* MessagingApp */ = {
			isa = PBXNativeTarget;
			buildConfigurationList = B5088FDB25B9138200BA50B2 /* Build configuration list for PBXNativeTarget "MessagingApp" */;
			buildPhases = (
				3712B9D70AB6B4CA678D040F /* [CP] Check Pods Manifest.lock */,
				B5088FC325B9138200BA50B2 /* Sources */,
				B5088FC425B9138200BA50B2 /* Frameworks */,
				B5088FC525B9138200BA50B2 /* Resources */,
				803E2A8387B42F88196D698B /* [CP] Embed Pods Frameworks */,
			);
			buildRules = (
			);
			dependencies = (
			);
			name = MessagingApp;
			productName = MessagingApp;
			productReference = B5088FC725B9138200BA50B2 /* MessagingApp.app */;
			productType = "com.apple.product-type.application";
		};
/* End PBXNativeTarget section */

/* Begin PBXProject section */
		B5088FBF25B9138200BA50B2 /* Project object */ = {
			isa = PBXProject;
			attributes = {
				LastSwiftUpdateCheck = 1230;
				LastUpgradeCheck = 1230;
				TargetAttributes = {
					B5088FC625B9138200BA50B2 = {
						CreatedOnToolsVersion = 12.3;
					};
				};
			};
			buildConfigurationList = B5088FC225B9138200BA50B2 /* Build configuration list for PBXProject "MessagingApp" */;
			compatibilityVersion = "Xcode 9.3";
			developmentRegion = en;
			hasScannedForEncodings = 0;
			knownRegions = (
				en,
				Base,
			);
			mainGroup = B5088FBE25B9138200BA50B2;
			productRefGroup = B5088FC825B9138200BA50B2 /* Products */;
			projectDirPath = "";
			projectRoot = "";
			targets = (
				B5088FC625B9138200BA50B2 /* MessagingApp */,
			);
		};
/* End PBXProject section */

/* Begin PBXResourcesBuildPhase section */
		B5088FC525B9138200BA50B2 /* Resources */ = {
			isa = PBXResourcesBuildPhase;
			buildActionMask = 2147483647;
			files = (
				B5088FD725B9138200BA50B2 /* LaunchScreen.storyboard in Resources */,
				B505648625BA1C04009A473D /* GoogleService-Info.plist in Resources */,
				B5088FD425B9138200BA50B2 /* Assets.xcassets in Resources */,
				B5088FD225B9138200BA50B2 /* Main.storyboard in Resources */,
			);
			runOnlyForDeploymentPostprocessing = 0;
		};
/* End PBXResourcesBuildPhase section */

/* Begin PBXShellScriptBuildPhase section */
		3712B9D70AB6B4CA678D040F /* [CP] Check Pods Manifest.lock */ = {
			isa = PBXShellScriptBuildPhase;
			buildActionMask = 2147483647;
			files = (
			);
			inputFileListPaths = (
			);
			inputPaths = (
				"${PODS_PODFILE_DIR_PATH}/Podfile.lock",
				"${PODS_ROOT}/Manifest.lock",
			);
			name = "[CP] Check Pods Manifest.lock";
			outputFileListPaths = (
			);
			outputPaths = (
				"$(DERIVED_FILE_DIR)/Pods-MessagingApp-checkManifestLockResult.txt",
			);
			runOnlyForDeploymentPostprocessing = 0;
			shellPath = /bin/sh;
			shellScript = "diff \"${PODS_PODFILE_DIR_PATH}/Podfile.lock\" \"${PODS_ROOT}/Manifest.lock\" > /dev/null\nif [ $? != 0 ] ; then\n    # print error to STDERR\n    echo \"error: The sandbox is not in sync with the Podfile.lock. Run 'pod install' or update your CocoaPods installation.\" >&2\n    exit 1\nfi\n# This output is used by Xcode 'outputs' to avoid re-running this script phase.\necho \"SUCCESS\" > \"${SCRIPT_OUTPUT_FILE_0}\"\n";
			showEnvVarsInLog = 0;
		};
		803E2A8387B42F88196D698B /* [CP] Embed Pods Frameworks */ = {
			isa = PBXShellScriptBuildPhase;
			buildActionMask = 2147483647;
			files = (
			);
			inputFileListPaths = (
				"${PODS_ROOT}/Target Support Files/Pods-MessagingApp/Pods-MessagingApp-frameworks-${CONFIGURATION}-input-files.xcfilelist",
			);
			name = "[CP] Embed Pods Frameworks";
			outputFileListPaths = (
				"${PODS_ROOT}/Target Support Files/Pods-MessagingApp/Pods-MessagingApp-frameworks-${CONFIGURATION}-output-files.xcfilelist",
			);
			runOnlyForDeploymentPostprocessing = 0;
			shellPath = /bin/sh;
			shellScript = "\"${PODS_ROOT}/Target Support Files/Pods-MessagingApp/Pods-MessagingApp-frameworks.sh\"\n";
			showEnvVarsInLog = 0;
		};
/* End PBXShellScriptBuildPhase section */

/* Begin PBXSourcesBuildPhase section */
		B5088FC325B9138200BA50B2 /* Sources */ = {
			isa = PBXSourcesBuildPhase;
			buildActionMask = 2147483647;
			files = (
				B5088FF525B9156000BA50B2 /* NewConversationViewController.swift in Sources */,
				B5088FCF25B9138200BA50B2 /* ConversationsViewController.swift in Sources */,
				B5088FFF25B91F4B00BA50B2 /* Extensions.swift in Sources */,
				B5088FCB25B9138200BA50B2 /* AppDelegate.swift in Sources */,
				B5088FCD25B9138200BA50B2 /* SceneDelegate.swift in Sources */,
				B59DF4C125D33BD80077DF87 /* ChatViewController.swift in Sources */,
			);
			runOnlyForDeploymentPostprocessing = 0;
		};
/* End PBXSourcesBuildPhase section */

/* Begin PBXVariantGroup section */
		B5088FD025B9138200BA50B2 /* Main.storyboard */ = {
			isa = PBXVariantGroup;
			children = (
				B5088FD125B9138200BA50B2 /* Base */,
			);
			name = Main.storyboard;
			sourceTree = "<group>";
		};
		B5088FD525B9138200BA50B2 /* LaunchScreen.storyboard */ = {
			isa = PBXVariantGroup;
			children = (
				B5088FD625B9138200BA50B2 /* Base */,
			);
			name = LaunchScreen.storyboard;
			sourceTree = "<group>";
		};
/* End PBXVariantGroup section */

/* Begin XCBuildConfiguration section */
		B5088FD925B9138200BA50B2 /* Debug */ = {
			isa = XCBuildConfiguration;
			buildSettings = {
				ALWAYS_SEARCH_USER_PATHS = NO;
				CLANG_ANALYZER_NONNULL = YES;
				CLANG_ANALYZER_NUMBER_OBJECT_CONVERSION = YES_AGGRESSIVE;
				CLANG_CXX_LANGUAGE_STANDARD = "gnu++14";
				CLANG_CXX_LIBRARY = "libc++";
				CLANG_ENABLE_MODULES = YES;
				CLANG_ENABLE_OBJC_ARC = YES;
				CLANG_ENABLE_OBJC_WEAK = YES;
				CLANG_WARN_BLOCK_CAPTURE_AUTORELEASING = YES;
				CLANG_WARN_BOOL_CONVERSION = YES;
				CLANG_WARN_COMMA = YES;
				CLANG_WARN_CONSTANT_CONVERSION = YES;
				CLANG_WARN_DEPRECATED_OBJC_IMPLEMENTATIONS = YES;
				CLANG_WARN_DIRECT_OBJC_ISA_USAGE = YES_ERROR;
				CLANG_WARN_DOCUMENTATION_COMMENTS = YES;
				CLANG_WARN_EMPTY_BODY = YES;
				CLANG_WARN_ENUM_CONVERSION = YES;
				CLANG_WARN_INFINITE_RECURSION = YES;
				CLANG_WARN_INT_CONVERSION = YES;
				CLANG_WARN_NON_LITERAL_NULL_CONVERSION = YES;
				CLANG_WARN_OBJC_IMPLICIT_RETAIN_SELF = YES;
				CLANG_WARN_OBJC_LITERAL_CONVERSION = YES;
				CLANG_WARN_OBJC_ROOT_CLASS = YES_ERROR;
				CLANG_WARN_QUOTED_INCLUDE_IN_FRAMEWORK_HEADER = YES;
				CLANG_WARN_RANGE_LOOP_ANALYSIS = YES;
				CLANG_WARN_STRICT_PROTOTYPES = YES;
				CLANG_WARN_SUSPICIOUS_MOVE = YES;
				CLANG_WARN_UNGUARDED_AVAILABILITY = YES_AGGRESSIVE;
				CLANG_WARN_UNREACHABLE_CODE = YES;
				CLANG_WARN__DUPLICATE_METHOD_MATCH = YES;
				COPY_PHASE_STRIP = NO;
				DEBUG_INFORMATION_FORMAT = dwarf;
				ENABLE_STRICT_OBJC_MSGSEND = YES;
				ENABLE_TESTABILITY = YES;
				GCC_C_LANGUAGE_STANDARD = gnu11;
				GCC_DYNAMIC_NO_PIC = NO;
				GCC_NO_COMMON_BLOCKS = YES;
				GCC_OPTIMIZATION_LEVEL = 0;
				GCC_PREPROCESSOR_DEFINITIONS = (
					"DEBUG=1",
					"$(inherited)",
				);
				GCC_WARN_64_TO_32_BIT_CONVERSION = YES;
				GCC_WARN_ABOUT_RETURN_TYPE = YES_ERROR;
				GCC_WARN_UNDECLARED_SELECTOR = YES;
				GCC_WARN_UNINITIALIZED_AUTOS = YES_AGGRESSIVE;
				GCC_WARN_UNUSED_FUNCTION = YES;
				GCC_WARN_UNUSED_VARIABLE = YES;
				IPHONEOS_DEPLOYMENT_TARGET = 14.3;
				MTL_ENABLE_DEBUG_INFO = INCLUDE_SOURCE;
				MTL_FAST_MATH = YES;
				ONLY_ACTIVE_ARCH = YES;
				SDKROOT = iphoneos;
				SWIFT_ACTIVE_COMPILATION_CONDITIONS = DEBUG;
				SWIFT_OPTIMIZATION_LEVEL = "-Onone";
			};
			name = Debug;
		};
		B5088FDA25B9138200BA50B2 /* Release */ = {
			isa = XCBuildConfiguration;
			buildSettings = {
				ALWAYS_SEARCH_USER_PATHS = NO;
				CLANG_ANALYZER_NONNULL = YES;
				CLANG_ANALYZER_NUMBER_OBJECT_CONVERSION = YES_AGGRESSIVE;
				CLANG_CXX_LANGUAGE_STANDARD = "gnu++14";
				CLANG_CXX_LIBRARY = "libc++";
				CLANG_ENABLE_MODULES = YES;
				CLANG_ENABLE_OBJC_ARC = YES;
				CLANG_ENABLE_OBJC_WEAK = YES;
				CLANG_WARN_BLOCK_CAPTURE_AUTORELEASING = YES;
				CLANG_WARN_BOOL_CONVERSION = YES;
				CLANG_WARN_COMMA = YES;
				CLANG_WARN_CONSTANT_CONVERSION = YES;
				CLANG_WARN_DEPRECATED_OBJC_IMPLEMENTATIONS = YES;
				CLANG_WARN_DIRECT_OBJC_ISA_USAGE = YES_ERROR;
				CLANG_WARN_DOCUMENTATION_COMMENTS = YES;
				CLANG_WARN_EMPTY_BODY = YES;
				CLANG_WARN_ENUM_CONVERSION = YES;
				CLANG_WARN_INFINITE_RECURSION = YES;
				CLANG_WARN_INT_CONVERSION = YES;
				CLANG_WARN_NON_LITERAL_NULL_CONVERSION = YES;
				CLANG_WARN_OBJC_IMPLICIT_RETAIN_SELF = YES;
				CLANG_WARN_OBJC_LITERAL_CONVERSION = YES;
				CLANG_WARN_OBJC_ROOT_CLASS = YES_ERROR;
				CLANG_WARN_QUOTED_INCLUDE_IN_FRAMEWORK_HEADER = YES;
				CLANG_WARN_RANGE_LOOP_ANALYSIS = YES;
				CLANG_WARN_STRICT_PROTOTYPES = YES;
				CLANG_WARN_SUSPICIOUS_MOVE = YES;
				CLANG_WARN_UNGUARDED_AVAILABILITY = YES_AGGRESSIVE;
				CLANG_WARN_UNREACHABLE_CODE = YES;
				CLANG_WARN__DUPLICATE_METHOD_MATCH = YES;
				COPY_PHASE_STRIP = NO;
				DEBUG_INFORMATION_FORMAT = "dwarf-with-dsym";
				ENABLE_NS_ASSERTIONS = NO;
				ENABLE_STRICT_OBJC_MSGSEND = YES;
				GCC_C_LANGUAGE_STANDARD = gnu11;
				GCC_NO_COMMON_BLOCKS = YES;
				GCC_WARN_64_TO_32_BIT_CONVERSION = YES;
				GCC_WARN_ABOUT_RETURN_TYPE = YES_ERROR;
				GCC_WARN_UNDECLARED_SELECTOR = YES;
				GCC_WARN_UNINITIALIZED_AUTOS = YES_AGGRESSIVE;
				GCC_WARN_UNUSED_FUNCTION = YES;
				GCC_WARN_UNUSED_VARIABLE = YES;
				IPHONEOS_DEPLOYMENT_TARGET = 14.3;
				MTL_ENABLE_DEBUG_INFO = NO;
				MTL_FAST_MATH = YES;
				SDKROOT = iphoneos;
				SWIFT_COMPILATION_MODE = wholemodule;
				SWIFT_OPTIMIZATION_LEVEL = "-O";
				VALIDATE_PRODUCT = YES;
			};
			name = Release;
		};
		B5088FDC25B9138200BA50B2 /* Debug */ = {
			isa = XCBuildConfiguration;
			baseConfigurationReference = 88461509DF2C106E68AD1E0A /* Pods-MessagingApp.debug.xcconfig */;
			buildSettings = {
				ASSETCATALOG_COMPILER_APPICON_NAME = AppIcon;
				ASSETCATALOG_COMPILER_GLOBAL_ACCENT_COLOR_NAME = AccentColor;
				CODE_SIGN_STYLE = Automatic;
				DEVELOPMENT_TEAM = CP6DWGK3Z2;
				INFOPLIST_FILE = MessagingApp/Info.plist;
				LD_RUNPATH_SEARCH_PATHS = (
					"$(inherited)",
					"@executable_path/Frameworks",
				);
				PRODUCT_BUNDLE_IDENTIFIER = com.BenJenkyn.MessagingApp;
				PRODUCT_NAME = "$(TARGET_NAME)";
				SWIFT_VERSION = 5.0;
				TARGETED_DEVICE_FAMILY = "1,2";
			};
			name = Debug;
		};
		B5088FDD25B9138200BA50B2 /* Release */ = {
			isa = XCBuildConfiguration;
			baseConfigurationReference = 62D134B1BAFC502DF009D63C /* Pods-MessagingApp.release.xcconfig */;
			buildSettings = {
				ASSETCATALOG_COMPILER_APPICON_NAME = AppIcon;
				ASSETCATALOG_COMPILER_GLOBAL_ACCENT_COLOR_NAME = AccentColor;
				CODE_SIGN_STYLE = Automatic;
				DEVELOPMENT_TEAM = CP6DWGK3Z2;
				INFOPLIST_FILE = MessagingApp/Info.plist;
				LD_RUNPATH_SEARCH_PATHS = (
					"$(inherited)",
					"@executable_path/Frameworks",
				);
				PRODUCT_BUNDLE_IDENTIFIER = com.BenJenkyn.MessagingApp;
				PRODUCT_NAME = "$(TARGET_NAME)";
				SWIFT_VERSION = 5.0;
				TARGETED_DEVICE_FAMILY = "1,2";
			};
			name = Release;
		};
/* End XCBuildConfiguration section */

/* Begin XCConfigurationList section */
		B5088FC225B9138200BA50B2 /* Build configuration list for PBXProject "MessagingApp" */ = {
			isa = XCConfigurationList;
			buildConfigurations = (
				B5088FD925B9138200BA50B2 /* Debug */,
				B5088FDA25B9138200BA50B2 /* Release */,
			);
			defaultConfigurationIsVisible = 0;
			defaultConfigurationName = Release;
		};
		B5088FDB25B9138200BA50B2 /* Build configuration list for PBXNativeTarget "MessagingApp" */ = {
			isa = XCConfigurationList;
			buildConfigurations = (
				B5088FDC25B9138200BA50B2 /* Debug */,
				B5088FDD25B9138200BA50B2 /* Release */,
			);
			defaultConfigurationIsVisible = 0;
			defaultConfigurationName = Release;
		};
/* End XCConfigurationList section */
	};
	rootObject = B5088FBF25B9138200BA50B2 /* Project object */;
}
